
Microsoft Visual Studio Solution File, Format Version 12.00
# Visual Studio Version 17
VisualStudioVersion = 17.4.33122.133
MinimumVisualStudioVersion = 10.0.40219.1
Project("{FAE04EC0-301F-11D3-BF4B-00C04F79EFBC}") = "Diplom", "Diplom\Diplom.csproj", "{07B98970-E324-48F0-8995-2676D49D5988}"
EndProject
Global
	GlobalSection(SolutionConfigurationPlatforms) = preSolution
		Debug|Any CPU = Debug|Any CPU
		Release|Any CPU = Release|Any CPU
	EndGlobalSection
	GlobalSection(ProjectConfigurationPlatforms) = postSolution
		{07B98970-E324-48F0-8995-2676D49D5988}.Debug|Any CPU.ActiveCfg = Debug|Any CPU
		{07B98970-E324-48F0-8995-2676D49D5988}.Debug|Any CPU.Build.0 = Debug|Any CPU
		{07B98970-E324-48F0-8995-2676D49D5988}.Release|Any CPU.ActiveCfg = Release|Any CPU
		{07B98970-E324-48F0-8995-2676D49D5988}.Release|Any CPU.Build.0 = Release|Any CPU
	EndGlobalSection
	GlobalSection(SolutionProperties) = preSolution
		HideSolutionNode = FALSE
	EndGlobalSection
	GlobalSection(ExtensibilityGlobals) = postSolution
		SolutionGuid = {BA2F8050-AD5B-42AC-9261-6B38D8986C88}
	EndGlobalSection
EndGlobal
